
Microsoft Visual Studio Solution File, Format Version 12.00
# Visual Studio Version 17
VisualStudioVersion = 17.0.31903.59
MinimumVisualStudioVersion = 10.0.40219.1
Project("{FAE04EC0-301F-11D3-BF4B-00C04F79EFBC}") = "YetAnotherToDoAppAPI", "YetAnotherToDoAppAPI\YetAnotherToDoAppAPI.csproj", "{B5551D1D-9C51-40EE-BBC2-6431E5AF8805}"
EndProject
Global
	GlobalSection(SolutionConfigurationPlatforms) = preSolution
		Debug|Any CPU = Debug|Any CPU
		Release|Any CPU = Release|Any CPU
	EndGlobalSection
	GlobalSection(SolutionProperties) = preSolution
		HideSolutionNode = FALSE
	EndGlobalSection
	GlobalSection(ProjectConfigurationPlatforms) = postSolution
		{B5551D1D-9C51-40EE-BBC2-6431E5AF8805}.Debug|Any CPU.ActiveCfg = Debug|Any CPU
		{B5551D1D-9C51-40EE-BBC2-6431E5AF8805}.Debug|Any CPU.Build.0 = Debug|Any CPU
		{B5551D1D-9C51-40EE-BBC2-6431E5AF8805}.Release|Any CPU.ActiveCfg = Release|Any CPU
		{B5551D1D-9C51-40EE-BBC2-6431E5AF8805}.Release|Any CPU.Build.0 = Release|Any CPU
	EndGlobalSection
EndGlobal
